
Microsoft Visual Studio Solution File, Format Version 12.00
# Visual Studio Version 17
VisualStudioVersion = 17.14.36414.22 d17.14
MinimumVisualStudioVersion = 10.0.40219.1
Project("{FAE04EC0-301F-11D3-BF4B-00C04F79EFBC}") = "Topic 9-11 - GUI assignment 2", "Topic 9-11 - GUI assignment 2.csproj", "{A3ED52B9-B5E8-4B64-957F-9FE54156AC8C}"
EndProject
Global
	GlobalSection(SolutionConfigurationPlatforms) = preSolution
		Debug|Any CPU = Debug|Any CPU
		Release|Any CPU = Release|Any CPU
	EndGlobalSection
	GlobalSection(ProjectConfigurationPlatforms) = postSolution
		{A3ED52B9-B5E8-4B64-957F-9FE54156AC8C}.Debug|Any CPU.ActiveCfg = Debug|Any CPU
		{A3ED52B9-B5E8-4B64-957F-9FE54156AC8C}.Debug|Any CPU.Build.0 = Debug|Any CPU
		{A3ED52B9-B5E8-4B64-957F-9FE54156AC8C}.Release|Any CPU.ActiveCfg = Release|Any CPU
		{A3ED52B9-B5E8-4B64-957F-9FE54156AC8C}.Release|Any CPU.Build.0 = Release|Any CPU
	EndGlobalSection
	GlobalSection(SolutionProperties) = preSolution
		HideSolutionNode = FALSE
	EndGlobalSection
	GlobalSection(ExtensibilityGlobals) = postSolution
		SolutionGuid = {F4AECE6A-F72B-4C90-A054-92C9E9F95C65}
	EndGlobalSection
EndGlobal
